# This file is automatically @generated by Cargo.
# It is not intended for manual editing.
[[package]]
name = "pipeline"
version = "0.5.0"
source = "registry+https://github.com/rust-lang/crates.io-index"
checksum = "d15b6607fa632996eb8a17c9041cb6071cb75ac057abd45dece578723ea8c7c0"

[[package]]
name = "play3"
version = "0.1.0"
dependencies = [
 "pipeline",
]
